
Microsoft Visual Studio Solution File, Format Version 12.00
# Visual Studio Version 17
VisualStudioVersion = 17.11.35327.3
MinimumVisualStudioVersion = 10.0.40219.1
Project("{9A19103F-16F7-4668-BE54-9A1E7A4F7556}") = "ToDoList", "ToDoList.csproj", "{B2BB5999-DF21-4414-A9E5-C66543D1B2D8}"
EndProject
Project("{9A19103F-16F7-4668-BE54-9A1E7A4F7556}") = "ToDoList.Domain", "..\ToDoList.Domain\ToDoList.Domain.csproj", "{0E7ABFB2-81B1-452B-AE9A-5EBA2414A07D}"
EndProject
Project("{9A19103F-16F7-4668-BE54-9A1E7A4F7556}") = "ToDoList.Infrastructure", "..\ToDoList.Infrastructure\ToDoList.Infrastructure.csproj", "{446F5724-08C0-4890-BC33-9D787DAD9EEB}"
EndProject
Project("{9A19103F-16F7-4668-BE54-9A1E7A4F7556}") = "ToDoList.Application", "..\ToDoList.Application\ToDoList.Application.csproj", "{5B602D4F-D297-430C-80A0-7E6B32AB22DF}"
EndProject
Project("{FAE04EC0-301F-11D3-BF4B-00C04F79EFBC}") = "ToDoList.Tests", "..\ToDoList.Tests\ToDoList.Tests.csproj", "{2C104D36-0A86-456C-842C-E6D9FB478906}"
EndProject
Global
	GlobalSection(SolutionConfigurationPlatforms) = preSolution
		Debug|Any CPU = Debug|Any CPU
		Release|Any CPU = Release|Any CPU
	EndGlobalSection
	GlobalSection(ProjectConfigurationPlatforms) = postSolution
		{B2BB5999-DF21-4414-A9E5-C66543D1B2D8}.Debug|Any CPU.ActiveCfg = Debug|Any CPU
		{B2BB5999-DF21-4414-A9E5-C66543D1B2D8}.Debug|Any CPU.Build.0 = Debug|Any CPU
		{B2BB5999-DF21-4414-A9E5-C66543D1B2D8}.Release|Any CPU.ActiveCfg = Release|Any CPU
		{B2BB5999-DF21-4414-A9E5-C66543D1B2D8}.Release|Any CPU.Build.0 = Release|Any CPU
		{0E7ABFB2-81B1-452B-AE9A-5EBA2414A07D}.Debug|Any CPU.ActiveCfg = Debug|Any CPU
		{0E7ABFB2-81B1-452B-AE9A-5EBA2414A07D}.Debug|Any CPU.Build.0 = Debug|Any CPU
		{0E7ABFB2-81B1-452B-AE9A-5EBA2414A07D}.Release|Any CPU.ActiveCfg = Release|Any CPU
		{0E7ABFB2-81B1-452B-AE9A-5EBA2414A07D}.Release|Any CPU.Build.0 = Release|Any CPU
		{446F5724-08C0-4890-BC33-9D787DAD9EEB}.Debug|Any CPU.ActiveCfg = Debug|Any CPU
		{446F5724-08C0-4890-BC33-9D787DAD9EEB}.Debug|Any CPU.Build.0 = Debug|Any CPU
		{446F5724-08C0-4890-BC33-9D787DAD9EEB}.Release|Any CPU.ActiveCfg = Release|Any CPU
		{446F5724-08C0-4890-BC33-9D787DAD9EEB}.Release|Any CPU.Build.0 = Release|Any CPU
		{5B602D4F-D297-430C-80A0-7E6B32AB22DF}.Debug|Any CPU.ActiveCfg = Debug|Any CPU
		{5B602D4F-D297-430C-80A0-7E6B32AB22DF}.Debug|Any CPU.Build.0 = Debug|Any CPU
		{5B602D4F-D297-430C-80A0-7E6B32AB22DF}.Release|Any CPU.ActiveCfg = Release|Any CPU
		{5B602D4F-D297-430C-80A0-7E6B32AB22DF}.Release|Any CPU.Build.0 = Release|Any CPU
		{2C104D36-0A86-456C-842C-E6D9FB478906}.Debug|Any CPU.ActiveCfg = Debug|Any CPU
		{2C104D36-0A86-456C-842C-E6D9FB478906}.Debug|Any CPU.Build.0 = Debug|Any CPU
		{2C104D36-0A86-456C-842C-E6D9FB478906}.Release|Any CPU.ActiveCfg = Release|Any CPU
		{2C104D36-0A86-456C-842C-E6D9FB478906}.Release|Any CPU.Build.0 = Release|Any CPU
	EndGlobalSection
	GlobalSection(SolutionProperties) = preSolution
		HideSolutionNode = FALSE
	EndGlobalSection
	GlobalSection(ExtensibilityGlobals) = postSolution
		SolutionGuid = {7926ECEA-910C-491A-AD08-7C8B63FF8FE4}
	EndGlobalSection
EndGlobal
